// !$*UTF8*$!
{
	archiveVersion = 1;
	classes = {
	};
	objectVersion = 52;
	objects = {

/* Begin PBXBuildFile section */
		6B0D9D5E247C354300ACE335 /* AppDelegate.swift in Sources */ = {isa = PBXBuildFile; fileRef = 6B0D9D5D247C354300ACE335 /* AppDelegate.swift */; };
		6B0D9D60247C354300ACE335 /* SceneDelegate.swift in Sources */ = {isa = PBXBuildFile; fileRef = 6B0D9D5F247C354300ACE335 /* SceneDelegate.swift */; };
		6B0D9D62247C354300ACE335 /* CalculatorViewController.swift in Sources */ = {isa = PBXBuildFile; fileRef = 6B0D9D61247C354300ACE335 /* CalculatorViewController.swift */; };
		6B0D9D65247C354300ACE335 /* Main.storyboard in Resources */ = {isa = PBXBuildFile; fileRef = 6B0D9D63247C354300ACE335 /* Main.storyboard */; };
		6B0D9D67247C354400ACE335 /* Assets.xcassets in Resources */ = {isa = PBXBuildFile; fileRef = 6B0D9D66247C354400ACE335 /* Assets.xcassets */; };
		6B0D9D6A247C354400ACE335 /* LaunchScreen.storyboard in Resources */ = {isa = PBXBuildFile; fileRef = 6B0D9D68247C354400ACE335 /* LaunchScreen.storyboard */; };
		6B452BCD247C4581006C3688 /* Theme.swift in Sources */ = {isa = PBXBuildFile; fileRef = 6B452BCC247C4581006C3688 /* Theme.swift */; };
		6B452BCF247C4E81006C3688 /* CalculatorButton.swift in Sources */ = {isa = PBXBuildFile; fileRef = 6B452BCE247C4E81006C3688 /* CalculatorButton.swift */; };
		6B452BD2247C58BD006C3688 /* CalculatorNumberButton.swift in Sources */ = {isa = PBXBuildFile; fileRef = 6B452BD1247C58BD006C3688 /* CalculatorNumberButton.swift */; };
		6B452BD4247C58D9006C3688 /* CalculatorActionButton.swift in Sources */ = {isa = PBXBuildFile; fileRef = 6B452BD3247C58D9006C3688 /* CalculatorActionButton.swift */; };
		6B452BD7247C5C23006C3688 /* Stevia in Frameworks */ = {isa = PBXBuildFile; productRef = 6B452BD6247C5C23006C3688 /* Stevia */; };
		6B452BD9247C5D04006C3688 /* CalculatorView.swift in Sources */ = {isa = PBXBuildFile; fileRef = 6B452BD8247C5D04006C3688 /* CalculatorView.swift */; };
/* End PBXBuildFile section */

/* Begin PBXFileReference section */
		6B0D9D5A247C354300ACE335 /* Calculator.app */ = {isa = PBXFileReference; explicitFileType = wrapper.application; includeInIndex = 0; path = Calculator.app; sourceTree = BUILT_PRODUCTS_DIR; };
		6B0D9D5D247C354300ACE335 /* AppDelegate.swift */ = {isa = PBXFileReference; lastKnownFileType = sourcecode.swift; path = AppDelegate.swift; sourceTree = "<group>"; };
		6B0D9D5F247C354300ACE335 /* SceneDelegate.swift */ = {isa = PBXFileReference; lastKnownFileType = sourcecode.swift; path = SceneDelegate.swift; sourceTree = "<group>"; };
		6B0D9D61247C354300ACE335 /* CalculatorViewController.swift */ = {isa = PBXFileReference; lastKnownFileType = sourcecode.swift; path = CalculatorViewController.swift; sourceTree = "<group>"; };
		6B0D9D64247C354300ACE335 /* Base */ = {isa = PBXFileReference; lastKnownFileType = file.storyboard; name = Base; path = Base.lproj/Main.storyboard; sourceTree = "<group>"; };
		6B0D9D66247C354400ACE335 /* Assets.xcassets */ = {isa = PBXFileReference; lastKnownFileType = folder.assetcatalog; path = Assets.xcassets; sourceTree = "<group>"; };
		6B0D9D69247C354400ACE335 /* Base */ = {isa = PBXFileReference; lastKnownFileType = file.storyboard; name = Base; path = Base.lproj/LaunchScreen.storyboard; sourceTree = "<group>"; };
		6B0D9D6B247C354400ACE335 /* Info.plist */ = {isa = PBXFileReference; lastKnownFileType = text.plist.xml; path = Info.plist; sourceTree = "<group>"; };
		6B0D9D71247C356900ACE335 /* Calculator.entitlements */ = {isa = PBXFileReference; lastKnownFileType = text.plist.entitlements; path = Calculator.entitlements; sourceTree = "<group>"; };
		6B452BCC247C4581006C3688 /* Theme.swift */ = {isa = PBXFileReference; lastKnownFileType = sourcecode.swift; path = Theme.swift; sourceTree = "<group>"; };
		6B452BCE247C4E81006C3688 /* CalculatorButton.swift */ = {isa = PBXFileReference; lastKnownFileType = sourcecode.swift; path = CalculatorButton.swift; sourceTree = "<group>"; };
		6B452BD1247C58BD006C3688 /* CalculatorNumberButton.swift */ = {isa = PBXFileReference; lastKnownFileType = sourcecode.swift; path = CalculatorNumberButton.swift; sourceTree = "<group>"; };
		6B452BD3247C58D9006C3688 /* CalculatorActionButton.swift */ = {isa = PBXFileReference; lastKnownFileType = sourcecode.swift; path = CalculatorActionButton.swift; sourceTree = "<group>"; };
		6B452BD8247C5D04006C3688 /* CalculatorView.swift */ = {isa = PBXFileReference; lastKnownFileType = sourcecode.swift; path = CalculatorView.swift; sourceTree = "<group>"; };
/* End PBXFileReference section */

/* Begin PBXFrameworksBuildPhase section */
		6B0D9D57247C354300ACE335 /* Frameworks */ = {
			isa = PBXFrameworksBuildPhase;
			buildActionMask = 2147483647;
			files = (
				6B452BD7247C5C23006C3688 /* Stevia in Frameworks */,
			);
			runOnlyForDeploymentPostprocessing = 0;
		};
/* End PBXFrameworksBuildPhase section */

/* Begin PBXGroup section */
		6B0D9D51247C354300ACE335 = {
			isa = PBXGroup;
			children = (
				6B0D9D5C247C354300ACE335 /* Calculator */,
				6B0D9D5B247C354300ACE335 /* Products */,
			);
			sourceTree = "<group>";
		};
		6B0D9D5B247C354300ACE335 /* Products */ = {
			isa = PBXGroup;
			children = (
				6B0D9D5A247C354300ACE335 /* Calculator.app */,
			);
			name = Products;
			sourceTree = "<group>";
		};
		6B0D9D5C247C354300ACE335 /* Calculator */ = {
			isa = PBXGroup;
			children = (
				6B452BC7247C4410006C3688 /* common */,
				6B452BC5247C406F006C3688 /* controllers */,
				6B452BC4247C4052006C3688 /* storyboards */,
				6B452BC3247C403C006C3688 /* assets */,
				6B0D9D71247C356900ACE335 /* Calculator.entitlements */,
				6B0D9D5D247C354300ACE335 /* AppDelegate.swift */,
				6B0D9D5F247C354300ACE335 /* SceneDelegate.swift */,
				6B0D9D6B247C354400ACE335 /* Info.plist */,
			);
			path = Calculator;
			sourceTree = "<group>";
		};
		6B452BC2247C4011006C3688 /* calculator */ = {
			isa = PBXGroup;
			children = (
				6B452BC6247C419B006C3688 /* views */,
				6B0D9D61247C354300ACE335 /* CalculatorViewController.swift */,
			);
			path = calculator;
			sourceTree = "<group>";
		};
		6B452BC3247C403C006C3688 /* assets */ = {
			isa = PBXGroup;
			children = (
				6B0D9D66247C354400ACE335 /* Assets.xcassets */,
			);
			path = assets;
			sourceTree = "<group>";
		};
		6B452BC4247C4052006C3688 /* storyboards */ = {
			isa = PBXGroup;
			children = (
				6B0D9D63247C354300ACE335 /* Main.storyboard */,
				6B0D9D68247C354400ACE335 /* LaunchScreen.storyboard */,
			);
			path = storyboards;
			sourceTree = "<group>";
		};
		6B452BC5247C406F006C3688 /* controllers */ = {
			isa = PBXGroup;
			children = (
				6B452BC2247C4011006C3688 /* calculator */,
			);
			path = controllers;
			sourceTree = "<group>";
		};
		6B452BC6247C419B006C3688 /* views */ = {
			isa = PBXGroup;
			children = (
				6B452BD0247C589C006C3688 /* buttons */,
				6B452BD8247C5D04006C3688 /* CalculatorView.swift */,
			);
			path = views;
			sourceTree = "<group>";
		};
		6B452BC7247C4410006C3688 /* common */ = {
			isa = PBXGroup;
			children = (
				6B452BCB247C4452006C3688 /* theme */,
				6B452BC8247C4415006C3688 /* extensions */,
			);
			path = common;
			sourceTree = "<group>";
		};
		6B452BC8247C4415006C3688 /* extensions */ = {
			isa = PBXGroup;
			children = (
			);
			path = extensions;
			sourceTree = "<group>";
		};
		6B452BCB247C4452006C3688 /* theme */ = {
			isa = PBXGroup;
			children = (
				6B452BCC247C4581006C3688 /* Theme.swift */,
			);
			path = theme;
			sourceTree = "<group>";
		};
		6B452BD0247C589C006C3688 /* buttons */ = {
			isa = PBXGroup;
			children = (
				6B452BCE247C4E81006C3688 /* CalculatorButton.swift */,
				6B452BD1247C58BD006C3688 /* CalculatorNumberButton.swift */,
				6B452BD3247C58D9006C3688 /* CalculatorActionButton.swift */,
			);
			path = buttons;
			sourceTree = "<group>";
		};
/* End PBXGroup section */

/* Begin PBXNativeTarget section */
		6B0D9D59247C354300ACE335 /* Calculator */ = {
			isa = PBXNativeTarget;
			buildConfigurationList = 6B0D9D6E247C354400ACE335 /* Build configuration list for PBXNativeTarget "Calculator" */;
			buildPhases = (
				6B0D9D56247C354300ACE335 /* Sources */,
				6B0D9D57247C354300ACE335 /* Frameworks */,
				6B0D9D58247C354300ACE335 /* Resources */,
				6B0D9D72247C377E00ACE335 /* ShellScript */,
			);
			buildRules = (
			);
			dependencies = (
			);
			name = Calculator;
			packageProductDependencies = (
				6B452BD6247C5C23006C3688 /* Stevia */,
			);
			productName = Calculator;
			productReference = 6B0D9D5A247C354300ACE335 /* Calculator.app */;
			productType = "com.apple.product-type.application";
		};
/* End PBXNativeTarget section */

/* Begin PBXProject section */
		6B0D9D52247C354300ACE335 /* Project object */ = {
			isa = PBXProject;
			attributes = {
				LastSwiftUpdateCheck = 1150;
				LastUpgradeCheck = 1150;
				ORGANIZATIONNAME = "LAMBROS KOSTAPAPPAS";
				TargetAttributes = {
					6B0D9D59247C354300ACE335 = {
						CreatedOnToolsVersion = 11.5;
					};
				};
			};
			buildConfigurationList = 6B0D9D55247C354300ACE335 /* Build configuration list for PBXProject "Calculator" */;
			compatibilityVersion = "Xcode 9.3";
			developmentRegion = en;
			hasScannedForEncodings = 0;
			knownRegions = (
				en,
				Base,
			);
			mainGroup = 6B0D9D51247C354300ACE335;
			packageReferences = (
				6B452BD5247C5C23006C3688 /* XCRemoteSwiftPackageReference "Stevia" */,
			);
			productRefGroup = 6B0D9D5B247C354300ACE335 /* Products */;
			projectDirPath = "";
			projectRoot = "";
			targets = (
				6B0D9D59247C354300ACE335 /* Calculator */,
			);
		};
/* End PBXProject section */

/* Begin PBXResourcesBuildPhase section */
		6B0D9D58247C354300ACE335 /* Resources */ = {
			isa = PBXResourcesBuildPhase;
			buildActionMask = 2147483647;
			files = (
				6B0D9D6A247C354400ACE335 /* LaunchScreen.storyboard in Resources */,
				6B0D9D67247C354400ACE335 /* Assets.xcassets in Resources */,
				6B0D9D65247C354300ACE335 /* Main.storyboard in Resources */,
			);
			runOnlyForDeploymentPostprocessing = 0;
		};
/* End PBXResourcesBuildPhase section */

/* Begin PBXShellScriptBuildPhase section */
		6B0D9D72247C377E00ACE335 /* ShellScript */ = {
			isa = PBXShellScriptBuildPhase;
			buildActionMask = 2147483647;
			files = (
			);
			inputFileListPaths = (
			);
			inputPaths = (
			);
			outputFileListPaths = (
			);
			outputPaths = (
			);
			runOnlyForDeploymentPostprocessing = 0;
			shellPath = /bin/sh;
			shellScript = "if which swiftlint >/dev/null; then\n  swiftlint\nelse\n  echo \"warning: SwiftLint not installed, download from https://github.com/realm/SwiftLint\"\nfi\n";
		};
/* End PBXShellScriptBuildPhase section */

/* Begin PBXSourcesBuildPhase section */
		6B0D9D56247C354300ACE335 /* Sources */ = {
			isa = PBXSourcesBuildPhase;
			buildActionMask = 2147483647;
			files = (
				6B0D9D62247C354300ACE335 /* CalculatorViewController.swift in Sources */,
				6B0D9D5E247C354300ACE335 /* AppDelegate.swift in Sources */,
				6B452BD2247C58BD006C3688 /* CalculatorNumberButton.swift in Sources */,
				6B452BCD247C4581006C3688 /* Theme.swift in Sources */,
				6B452BD9247C5D04006C3688 /* CalculatorView.swift in Sources */,
				6B0D9D60247C354300ACE335 /* SceneDelegate.swift in Sources */,
				6B452BD4247C58D9006C3688 /* CalculatorActionButton.swift in Sources */,
				6B452BCF247C4E81006C3688 /* CalculatorButton.swift in Sources */,
			);
			runOnlyForDeploymentPostprocessing = 0;
		};
/* End PBXSourcesBuildPhase section */

/* Begin PBXVariantGroup section */
		6B0D9D63247C354300ACE335 /* Main.storyboard */ = {
			isa = PBXVariantGroup;
			children = (
				6B0D9D64247C354300ACE335 /* Base */,
			);
			name = Main.storyboard;
			sourceTree = "<group>";
		};
		6B0D9D68247C354400ACE335 /* LaunchScreen.storyboard */ = {
			isa = PBXVariantGroup;
			children = (
				6B0D9D69247C354400ACE335 /* Base */,
			);
			name = LaunchScreen.storyboard;
			sourceTree = "<group>";
		};
/* End PBXVariantGroup section */

/* Begin XCBuildConfiguration section */
		6B0D9D6C247C354400ACE335 /* Debug */ = {
			isa = XCBuildConfiguration;
			buildSettings = {
				ALWAYS_SEARCH_USER_PATHS = NO;
				CLANG_ANALYZER_NONNULL = YES;
				CLANG_ANALYZER_NUMBER_OBJECT_CONVERSION = YES_AGGRESSIVE;
				CLANG_CXX_LANGUAGE_STANDARD = "gnu++14";
				CLANG_CXX_LIBRARY = "libc++";
				CLANG_ENABLE_MODULES = YES;
				CLANG_ENABLE_OBJC_ARC = YES;
				CLANG_ENABLE_OBJC_WEAK = YES;
				CLANG_WARN_BLOCK_CAPTURE_AUTORELEASING = YES;
				CLANG_WARN_BOOL_CONVERSION = YES;
				CLANG_WARN_COMMA = YES;
				CLANG_WARN_CONSTANT_CONVERSION = YES;
				CLANG_WARN_DEPRECATED_OBJC_IMPLEMENTATIONS = YES;
				CLANG_WARN_DIRECT_OBJC_ISA_USAGE = YES_ERROR;
				CLANG_WARN_DOCUMENTATION_COMMENTS = YES;
				CLANG_WARN_EMPTY_BODY = YES;
				CLANG_WARN_ENUM_CONVERSION = YES;
				CLANG_WARN_INFINITE_RECURSION = YES;
				CLANG_WARN_INT_CONVERSION = YES;
				CLANG_WARN_NON_LITERAL_NULL_CONVERSION = YES;
				CLANG_WARN_OBJC_IMPLICIT_RETAIN_SELF = YES;
				CLANG_WARN_OBJC_LITERAL_CONVERSION = YES;
				CLANG_WARN_OBJC_ROOT_CLASS = YES_ERROR;
				CLANG_WARN_RANGE_LOOP_ANALYSIS = YES;
				CLANG_WARN_STRICT_PROTOTYPES = YES;
				CLANG_WARN_SUSPICIOUS_MOVE = YES;
				CLANG_WARN_UNGUARDED_AVAILABILITY = YES_AGGRESSIVE;
				CLANG_WARN_UNREACHABLE_CODE = YES;
				CLANG_WARN__DUPLICATE_METHOD_MATCH = YES;
				COPY_PHASE_STRIP = NO;
				DEBUG_INFORMATION_FORMAT = dwarf;
				ENABLE_STRICT_OBJC_MSGSEND = YES;
				ENABLE_TESTABILITY = YES;
				GCC_C_LANGUAGE_STANDARD = gnu11;
				GCC_DYNAMIC_NO_PIC = NO;
				GCC_NO_COMMON_BLOCKS = YES;
				GCC_OPTIMIZATION_LEVEL = 0;
				GCC_PREPROCESSOR_DEFINITIONS = (
					"DEBUG=1",
					"$(inherited)",
				);
				GCC_WARN_64_TO_32_BIT_CONVERSION = YES;
				GCC_WARN_ABOUT_RETURN_TYPE = YES_ERROR;
				GCC_WARN_UNDECLARED_SELECTOR = YES;
				GCC_WARN_UNINITIALIZED_AUTOS = YES_AGGRESSIVE;
				GCC_WARN_UNUSED_FUNCTION = YES;
				GCC_WARN_UNUSED_VARIABLE = YES;
				IPHONEOS_DEPLOYMENT_TARGET = 13.5;
				MTL_ENABLE_DEBUG_INFO = INCLUDE_SOURCE;
				MTL_FAST_MATH = YES;
				ONLY_ACTIVE_ARCH = YES;
				SDKROOT = iphoneos;
				SWIFT_ACTIVE_COMPILATION_CONDITIONS = DEBUG;
				SWIFT_OPTIMIZATION_LEVEL = "-Onone";
			};
			name = Debug;
		};
		6B0D9D6D247C354400ACE335 /* Release */ = {
			isa = XCBuildConfiguration;
			buildSettings = {
				ALWAYS_SEARCH_USER_PATHS = NO;
				CLANG_ANALYZER_NONNULL = YES;
				CLANG_ANALYZER_NUMBER_OBJECT_CONVERSION = YES_AGGRESSIVE;
				CLANG_CXX_LANGUAGE_STANDARD = "gnu++14";
				CLANG_CXX_LIBRARY = "libc++";
				CLANG_ENABLE_MODULES = YES;
				CLANG_ENABLE_OBJC_ARC = YES;
				CLANG_ENABLE_OBJC_WEAK = YES;
				CLANG_WARN_BLOCK_CAPTURE_AUTORELEASING = YES;
				CLANG_WARN_BOOL_CONVERSION = YES;
				CLANG_WARN_COMMA = YES;
				CLANG_WARN_CONSTANT_CONVERSION = YES;
				CLANG_WARN_DEPRECATED_OBJC_IMPLEMENTATIONS = YES;
				CLANG_WARN_DIRECT_OBJC_ISA_USAGE = YES_ERROR;
				CLANG_WARN_DOCUMENTATION_COMMENTS = YES;
				CLANG_WARN_EMPTY_BODY = YES;
				CLANG_WARN_ENUM_CONVERSION = YES;
				CLANG_WARN_INFINITE_RECURSION = YES;
				CLANG_WARN_INT_CONVERSION = YES;
				CLANG_WARN_NON_LITERAL_NULL_CONVERSION = YES;
				CLANG_WARN_OBJC_IMPLICIT_RETAIN_SELF = YES;
				CLANG_WARN_OBJC_LITERAL_CONVERSION = YES;
				CLANG_WARN_OBJC_ROOT_CLASS = YES_ERROR;
				CLANG_WARN_RANGE_LOOP_ANALYSIS = YES;
				CLANG_WARN_STRICT_PROTOTYPES = YES;
				CLANG_WARN_SUSPICIOUS_MOVE = YES;
				CLANG_WARN_UNGUARDED_AVAILABILITY = YES_AGGRESSIVE;
				CLANG_WARN_UNREACHABLE_CODE = YES;
				CLANG_WARN__DUPLICATE_METHOD_MATCH = YES;
				COPY_PHASE_STRIP = NO;
				DEBUG_INFORMATION_FORMAT = "dwarf-with-dsym";
				ENABLE_NS_ASSERTIONS = NO;
				ENABLE_STRICT_OBJC_MSGSEND = YES;
				GCC_C_LANGUAGE_STANDARD = gnu11;
				GCC_NO_COMMON_BLOCKS = YES;
				GCC_WARN_64_TO_32_BIT_CONVERSION = YES;
				GCC_WARN_ABOUT_RETURN_TYPE = YES_ERROR;
				GCC_WARN_UNDECLARED_SELECTOR = YES;
				GCC_WARN_UNINITIALIZED_AUTOS = YES_AGGRESSIVE;
				GCC_WARN_UNUSED_FUNCTION = YES;
				GCC_WARN_UNUSED_VARIABLE = YES;
				IPHONEOS_DEPLOYMENT_TARGET = 13.5;
				MTL_ENABLE_DEBUG_INFO = NO;
				MTL_FAST_MATH = YES;
				SDKROOT = iphoneos;
				SWIFT_COMPILATION_MODE = wholemodule;
				SWIFT_OPTIMIZATION_LEVEL = "-O";
				VALIDATE_PRODUCT = YES;
			};
			name = Release;
		};
		6B0D9D6F247C354400ACE335 /* Debug */ = {
			isa = XCBuildConfiguration;
			buildSettings = {
				ASSETCATALOG_COMPILER_APPICON_NAME = AppIcon;
				CODE_SIGN_ENTITLEMENTS = Calculator/Calculator.entitlements;
				CODE_SIGN_STYLE = Automatic;
				DEVELOPMENT_TEAM = D9PR25ESML;
				INFOPLIST_FILE = Calculator/Info.plist;
				IPHONEOS_DEPLOYMENT_TARGET = 13.0;
				LD_RUNPATH_SEARCH_PATHS = (
					"$(inherited)",
					"@executable_path/Frameworks",
				);
				PRODUCT_BUNDLE_IDENTIFIER = kostapappas.com.Calculator;
				PRODUCT_NAME = "$(TARGET_NAME)";
				SUPPORTS_MACCATALYST = NO;
				SWIFT_VERSION = 5.0;
				TARGETED_DEVICE_FAMILY = 1;
			};
			name = Debug;
		};
		6B0D9D70247C354400ACE335 /* Release */ = {
			isa = XCBuildConfiguration;
			buildSettings = {
				ASSETCATALOG_COMPILER_APPICON_NAME = AppIcon;
				CODE_SIGN_ENTITLEMENTS = Calculator/Calculator.entitlements;
				CODE_SIGN_STYLE = Automatic;
				DEVELOPMENT_TEAM = D9PR25ESML;
				INFOPLIST_FILE = Calculator/Info.plist;
				IPHONEOS_DEPLOYMENT_TARGET = 13.0;
				LD_RUNPATH_SEARCH_PATHS = (
					"$(inherited)",
					"@executable_path/Frameworks",
				);
				PRODUCT_BUNDLE_IDENTIFIER = kostapappas.com.Calculator;
				PRODUCT_NAME = "$(TARGET_NAME)";
				SUPPORTS_MACCATALYST = NO;
				SWIFT_VERSION = 5.0;
				TARGETED_DEVICE_FAMILY = 1;
			};
			name = Release;
		};
/* End XCBuildConfiguration section */

/* Begin XCConfigurationList section */
		6B0D9D55247C354300ACE335 /* Build configuration list for PBXProject "Calculator" */ = {
			isa = XCConfigurationList;
			buildConfigurations = (
				6B0D9D6C247C354400ACE335 /* Debug */,
				6B0D9D6D247C354400ACE335 /* Release */,
			);
			defaultConfigurationIsVisible = 0;
			defaultConfigurationName = Release;
		};
		6B0D9D6E247C354400ACE335 /* Build configuration list for PBXNativeTarget "Calculator" */ = {
			isa = XCConfigurationList;
			buildConfigurations = (
				6B0D9D6F247C354400ACE335 /* Debug */,
				6B0D9D70247C354400ACE335 /* Release */,
			);
			defaultConfigurationIsVisible = 0;
			defaultConfigurationName = Release;
		};
/* End XCConfigurationList section */

/* Begin XCRemoteSwiftPackageReference section */
		6B452BD5247C5C23006C3688 /* XCRemoteSwiftPackageReference "Stevia" */ = {
			isa = XCRemoteSwiftPackageReference;
			repositoryURL = "https://github.com/freshOS/Stevia";
			requirement = {
				kind = upToNextMajorVersion;
				minimumVersion = 5.0.1;
			};
		};
/* End XCRemoteSwiftPackageReference section */

/* Begin XCSwiftPackageProductDependency section */
		6B452BD6247C5C23006C3688 /* Stevia */ = {
			isa = XCSwiftPackageProductDependency;
			package = 6B452BD5247C5C23006C3688 /* XCRemoteSwiftPackageReference "Stevia" */;
			productName = Stevia;
		};
/* End XCSwiftPackageProductDependency section */
	};
	rootObject = 6B0D9D52247C354300ACE335 /* Project object */;
}
